
Microsoft Visual Studio Solution File, Format Version 12.00
# Visual Studio Version 17
VisualStudioVersion = 17.4.33213.308
MinimumVisualStudioVersion = 10.0.40219.1
Project("{9A19103F-16F7-4668-BE54-9A1E7A4F7556}") = "ChordsAPI", "ChordsAPI\ChordsAPI.csproj", "{72148CB0-BB22-4FD3-B077-3DA449C458EE}"
EndProject
Global
	GlobalSection(SolutionConfigurationPlatforms) = preSolution
		Debug|Any CPU = Debug|Any CPU
		Release|Any CPU = Release|Any CPU
	EndGlobalSection
	GlobalSection(ProjectConfigurationPlatforms) = postSolution
		{72148CB0-BB22-4FD3-B077-3DA449C458EE}.Debug|Any CPU.ActiveCfg = Debug|Any CPU
		{72148CB0-BB22-4FD3-B077-3DA449C458EE}.Debug|Any CPU.Build.0 = Debug|Any CPU
		{72148CB0-BB22-4FD3-B077-3DA449C458EE}.Release|Any CPU.ActiveCfg = Release|Any CPU
		{72148CB0-BB22-4FD3-B077-3DA449C458EE}.Release|Any CPU.Build.0 = Release|Any CPU
	EndGlobalSection
	GlobalSection(SolutionProperties) = preSolution
		HideSolutionNode = FALSE
	EndGlobalSection
	GlobalSection(ExtensibilityGlobals) = postSolution
		SolutionGuid = {B7AFBB5B-D7E9-4056-A9AD-1285F1B53B6A}
	EndGlobalSection
EndGlobal
